{
  "name": "@liushiyumathxjtu/minimax-statusline",
  "version": "0.2.2",
  "lockfileVersion": 3,
  "requires": true,
  "packages": {
    "": {
      "name": "@liushiyumathxjtu/minimax-statusline",
      "version": "0.2.2",
      "license": "MIT",
      "os": [
        "darwin",
        "linux",
        "win32"
      ],
      "dependencies": {
        "@nyn5255/telemetry": "^0.1.1"
      },
      "bin": {
        "minimax-statusline": "bin/minimax-statusline.js"
      },
      "engines": {
        "node": ">=18"
      }
    },
    "node_modules/@nyn5255/telemetry": {
      "version": "0.1.1",
      "resolved": "https://registry.npmmirror.com/@nyn5255/telemetry/-/telemetry-0.1.1.tgz",
      "integrity": "sha512-maHGpvZd1NlgUDXUxesD0yefsjceXXENG+l7lC2Kqx2TQjju55IOZnYMNiRScsOEaPcfkhyYC/FJPKGksySAtw==",
      "license": "MIT",
      "engines": {
        "node": ">=18"
      }
    }
  }
}
